<?xml version="1.0" encoding="UTF-8" standalone="yes" ?>
<CodeBlocks_project_file>
	<FileVersion major="1" minor="6" />
	<Project>
		<Option title="component-tests" />
		<Option pch_mode="2" />
		<Option compiler="gcc" />
		<Build>
			<Target title="Debug">
				<Option output="bin/Debug/component-tests" prefix_auto="1" extension_auto="1" />
				<Option object_output="obj/Debug/" />
				<Option type="1" />
				<Option compiler="gcc" />
				<Compiler>
					<Add option="-g" />
				</Compiler>
			</Target>
			<Target title="Release">
				<Option output="bin/Release/component-tests" prefix_auto="1" extension_auto="1" />
				<Option object_output="obj/Release/" />
				<Option type="1" />
				<Option compiler="gcc" />
				<Compiler>
					<Add option="-O2" />
				</Compiler>
				<Linker>
					<Add option="-s" />
				</Linker>
			</Target>
		</Build>
		<Compiler>
			<Add option="-Wshadow" />
			<Add option="-Wunreachable-code" />
			<Add option="-Weffc++" />
			<Add option="-pedantic-errors" />
			<Add option="-pedantic" />
			<Add option="-Wextra" />
			<Add option="-Wall" />
			<Add option="-std=c++17" />
			<Add option="-fexceptions" />
		</Compiler>
		<Linker>
			<Add library="sqlite3" />
		</Linker>
		<Unit filename="../../lib/device.cpp" />
		<Unit filename="../../lib/device.hpp" />
		<Unit filename="../../lib/device_reading.hpp" />
		<Unit filename="../../lib/load/reading.cpp" />
		<Unit filename="../../lib/load/reading.hpp" />
		<Unit filename="../../lib/reading_base.cpp" />
		<Unit filename="../../lib/reading_base.hpp" />
		<Unit filename="../../lib/reading_type.cpp" />
		<Unit filename="../../lib/reading_type.hpp" />
		<Unit filename="../../lib/sqlite/database.cpp" />
		<Unit filename="../../lib/sqlite/database.hpp" />
		<Unit filename="../../lib/sqlite/statement.cpp" />
		<Unit filename="../../lib/sqlite/statement.hpp" />
		<Unit filename="../../lib/storage/csv.hpp" />
		<Unit filename="../../lib/storage/db.cpp" />
		<Unit filename="../../lib/storage/db.hpp" />
		<Unit filename="../../lib/storage/factory.cpp" />
		<Unit filename="../../lib/storage/factory.hpp" />
		<Unit filename="../../lib/storage/retrieve.hpp" />
		<Unit filename="../../lib/storage/store.hpp" />
		<Unit filename="../../lib/storage/type.cpp" />
		<Unit filename="../../lib/storage/type.hpp" />
		<Unit filename="../../lib/storage/utilities.cpp" />
		<Unit filename="../../lib/storage/utilities.hpp" />
		<Unit filename="../../lib/templating/htmlspecialchars.cpp" />
		<Unit filename="../../lib/templating/htmlspecialchars.hpp" />
		<Unit filename="../../lib/templating/template.cpp" />
		<Unit filename="../../lib/templating/template.hpp" />
		<Unit filename="../../lib/templating/vectorize.cpp" />
		<Unit filename="../../lib/templating/vectorize.hpp" />
		<Unit filename="../../lib/thermal/reading.cpp" />
		<Unit filename="../../lib/thermal/reading.hpp" />
		<Unit filename="../../src/graph-generator/generator.cpp" />
		<Unit filename="../../src/graph-generator/generator.hpp" />
		<Unit filename="../../third-party/nonstd/expected.hpp" />
		<Unit filename="device.cpp" />
		<Unit filename="find_catch.hpp" />
		<Unit filename="graph-generator/generator.cpp" />
		<Unit filename="load/device_reading.cpp" />
		<Unit filename="load/reading.cpp" />
		<Unit filename="main.cpp" />
		<Unit filename="reading_type.cpp" />
		<Unit filename="sqlite/database.cpp" />
		<Unit filename="sqlite/statement.cpp" />
		<Unit filename="storage/csv.cpp" />
		<Unit filename="storage/db.cpp" />
		<Unit filename="storage/factory.cpp" />
		<Unit filename="storage/to_time.cpp" />
		<Unit filename="storage/to_time.hpp" />
		<Unit filename="storage/type.cpp" />
		<Unit filename="storage/utilities.cpp" />
		<Unit filename="templating/htmlspecialchars.cpp" />
		<Unit filename="templating/template.cpp" />
		<Unit filename="templating/vectorize.cpp" />
		<Unit filename="thermal/device_reading.cpp" />
		<Unit filename="thermal/reading.cpp" />
		<Extensions>
			<lib_finder disable_auto="1" />
		</Extensions>
	</Project>
</CodeBlocks_project_file>
